
Microsoft Visual Studio Solution File, Format Version 12.00
# Visual Studio Version 16
VisualStudioVersion = 16.0.30717.126
MinimumVisualStudioVersion = 10.0.40219.1
Project("{FAE04EC0-301F-11D3-BF4B-00C04F79EFBC}") = "IntWeb.Framework", "IntWeb\IntWeb.Framework.csproj", "{7AE7183E-A969-4528-A04F-D5CE099C58D8}"
EndProject
Project("{FAE04EC0-301F-11D3-BF4B-00C04F79EFBC}") = "IntWeb.StartNET", "IntWeb.StartNET\IntWeb.StartNET.csproj", "{058B4AEB-7DF1-4847-AF0C-04FE864B505E}"
EndProject
Global
	GlobalSection(SolutionConfigurationPlatforms) = preSolution
		Debug|Any CPU = Debug|Any CPU
		Release|Any CPU = Release|Any CPU
	EndGlobalSection
	GlobalSection(ProjectConfigurationPlatforms) = postSolution
		{7AE7183E-A969-4528-A04F-D5CE099C58D8}.Debug|Any CPU.ActiveCfg = Debug|Any CPU
		{7AE7183E-A969-4528-A04F-D5CE099C58D8}.Debug|Any CPU.Build.0 = Debug|Any CPU
		{7AE7183E-A969-4528-A04F-D5CE099C58D8}.Release|Any CPU.ActiveCfg = Release|Any CPU
		{7AE7183E-A969-4528-A04F-D5CE099C58D8}.Release|Any CPU.Build.0 = Release|Any CPU
		{058B4AEB-7DF1-4847-AF0C-04FE864B505E}.Debug|Any CPU.ActiveCfg = Debug|Any CPU
		{058B4AEB-7DF1-4847-AF0C-04FE864B505E}.Debug|Any CPU.Build.0 = Debug|Any CPU
		{058B4AEB-7DF1-4847-AF0C-04FE864B505E}.Release|Any CPU.ActiveCfg = Release|Any CPU
		{058B4AEB-7DF1-4847-AF0C-04FE864B505E}.Release|Any CPU.Build.0 = Release|Any CPU
	EndGlobalSection
	GlobalSection(SolutionProperties) = preSolution
		HideSolutionNode = FALSE
	EndGlobalSection
	GlobalSection(ExtensibilityGlobals) = postSolution
		SolutionGuid = {B5F1D7EB-474E-477B-8015-0F2B500D43E7}
	EndGlobalSection
EndGlobal
